Microsoft Visual Studio Solution File, Format Version 12.00
# Visual Studio 2012
Project("{FAE04EC0-301F-11D3-BF4B-00C04F79EFBC}") = "DataStructureMajorProject", "DataStructureMajorProject.csproj", "{ABB49891-6FD0-4A53-A9BD-0F3B6FFA4431}"
EndProject
Global
	GlobalSection(SolutionConfigurationPlatforms) = preSolution
	Debug|Any CPU = Debug|Any CPU
	ExportDebug|Any CPU = ExportDebug|Any CPU
	ExportRelease|Any CPU = ExportRelease|Any CPU
	EndGlobalSection
	GlobalSection(ProjectConfigurationPlatforms) = postSolution
		{ABB49891-6FD0-4A53-A9BD-0F3B6FFA4431}.Debug|Any CPU.ActiveCfg = Debug|Any CPU
		{ABB49891-6FD0-4A53-A9BD-0F3B6FFA4431}.Debug|Any CPU.Build.0 = Debug|Any CPU
		{ABB49891-6FD0-4A53-A9BD-0F3B6FFA4431}.ExportDebug|Any CPU.ActiveCfg = ExportDebug|Any CPU
		{ABB49891-6FD0-4A53-A9BD-0F3B6FFA4431}.ExportDebug|Any CPU.Build.0 = ExportDebug|Any CPU
		{ABB49891-6FD0-4A53-A9BD-0F3B6FFA4431}.ExportRelease|Any CPU.ActiveCfg = ExportRelease|Any CPU
		{ABB49891-6FD0-4A53-A9BD-0F3B6FFA4431}.ExportRelease|Any CPU.Build.0 = ExportRelease|Any CPU
	EndGlobalSection
EndGlobal
